{
  "name": "@types/bcryptjs",
  "lockfileVersion": 3,
  "requires": true,
  "packages": {
    "": {
      "dependencies": {
        "api-vendas": "file:../.."
      }
    },
    "../..": {
      "version": "1.0.0",
      "license": "ISC",
      "dependencies": {
        "bcryptjs": "^2.4.3",
        "celebrate": "^15.0.3",
        "cors": "^2.8.5",
        "express": "^4.19.2",
        "express-async-errors": "^3.1.1",
        "pg": "^8.12.0",
        "reflect-metadata": "^0.2.2",
        "typeorm": "^0.3.20"
      },
      "devDependencies": {
        "@types/cors": "^2.8.17",
        "@types/express": "^4.17.21",
        "@types/joi": "^17.2.3",
        "@types/node": "^22.4.1",
        "@typescript-eslint/eslint-plugin": "^8.2.0",
        "@typescript-eslint/parser": "^8.2.0",
        "prettier": "^3.3.3",
        "ts-node-dev": "^2.0.0",
        "tsconfig-paths": "^4.2.0",
        "typescript": "^5.5.4"
      }
    },
    "node_modules/api-vendas": {
      "resolved": "../..",
      "link": true
    }
  }
}
